
Microsoft Visual Studio Solution File, Format Version 12.00
# Visual Studio Version 16
VisualStudioVersion = 16.0.29509.3
MinimumVisualStudioVersion = 10.0.40219.1
Project("{FAE04EC0-301F-11D3-BF4B-00C04F79EFBC}") = "JsonEval", "JsonEval\JsonEval.csproj", "{BA7D7657-872B-43E4-85AB-4D847D7F2262}"
EndProject
Project("{FAE04EC0-301F-11D3-BF4B-00C04F79EFBC}") = "JsonTests", "JsonTests\JsonTests.csproj", "{18FCC4C5-BC40-49F9-95CC-B624A1910F33}"
EndProject
Global
	GlobalSection(SolutionConfigurationPlatforms) = preSolution
		Debug|Any CPU = Debug|Any CPU
		Release|Any CPU = Release|Any CPU
	EndGlobalSection
	GlobalSection(ProjectConfigurationPlatforms) = postSolution
		{BA7D7657-872B-43E4-85AB-4D847D7F2262}.Debug|Any CPU.ActiveCfg = Debug|Any CPU
		{BA7D7657-872B-43E4-85AB-4D847D7F2262}.Debug|Any CPU.Build.0 = Debug|Any CPU
		{BA7D7657-872B-43E4-85AB-4D847D7F2262}.Release|Any CPU.ActiveCfg = Release|Any CPU
		{BA7D7657-872B-43E4-85AB-4D847D7F2262}.Release|Any CPU.Build.0 = Release|Any CPU
		{18FCC4C5-BC40-49F9-95CC-B624A1910F33}.Debug|Any CPU.ActiveCfg = Debug|Any CPU
		{18FCC4C5-BC40-49F9-95CC-B624A1910F33}.Debug|Any CPU.Build.0 = Debug|Any CPU
		{18FCC4C5-BC40-49F9-95CC-B624A1910F33}.Release|Any CPU.ActiveCfg = Release|Any CPU
		{18FCC4C5-BC40-49F9-95CC-B624A1910F33}.Release|Any CPU.Build.0 = Release|Any CPU
	EndGlobalSection
	GlobalSection(SolutionProperties) = preSolution
		HideSolutionNode = FALSE
	EndGlobalSection
	GlobalSection(ExtensibilityGlobals) = postSolution
		SolutionGuid = {826F14F4-C0B5-4E4F-B536-4CB009CA4A2A}
	EndGlobalSection
EndGlobal
